
Microsoft Visual Studio Solution File, Format Version 12.00
Project("{FAE04EC0-301F-11D3-BF4B-00C04F79EFBC}") = "example-an", "example-an\example-an.csproj", "{C9946EC1-0B2E-40AB-B25A-B237A397019E}"
EndProject
Project("{FAE04EC0-301F-11D3-BF4B-00C04F79EFBC}") = "HomeTask1", "HomeTask1\HomeTask1.csproj", "{1B807551-1331-4207-B99C-E026A631E698}"
EndProject
Global
	GlobalSection(SolutionConfigurationPlatforms) = preSolution
		Debug|Any CPU = Debug|Any CPU
		Release|Any CPU = Release|Any CPU
	EndGlobalSection
	GlobalSection(ProjectConfigurationPlatforms) = postSolution
		{C9946EC1-0B2E-40AB-B25A-B237A397019E}.Debug|Any CPU.ActiveCfg = Debug|Any CPU
		{C9946EC1-0B2E-40AB-B25A-B237A397019E}.Debug|Any CPU.Build.0 = Debug|Any CPU
		{C9946EC1-0B2E-40AB-B25A-B237A397019E}.Release|Any CPU.ActiveCfg = Release|Any CPU
		{C9946EC1-0B2E-40AB-B25A-B237A397019E}.Release|Any CPU.Build.0 = Release|Any CPU
		{1B807551-1331-4207-B99C-E026A631E698}.Debug|Any CPU.ActiveCfg = Debug|Any CPU
		{1B807551-1331-4207-B99C-E026A631E698}.Debug|Any CPU.Build.0 = Debug|Any CPU
		{1B807551-1331-4207-B99C-E026A631E698}.Release|Any CPU.ActiveCfg = Release|Any CPU
		{1B807551-1331-4207-B99C-E026A631E698}.Release|Any CPU.Build.0 = Release|Any CPU
	EndGlobalSection
EndGlobal
